
Microsoft Visual Studio Solution File, Format Version 12.00
# Visual Studio 15
VisualStudioVersion = 15.0.27004.2005
MinimumVisualStudioVersion = 10.0.40219.1
Project("{FAE04EC0-301F-11D3-BF4B-00C04F79EFBC}") = "Problem02", "Problem02\Problem02.csproj", "{AC476A44-1215-4AFB-AF0A-6020C759C32F}"
EndProject
Global
	GlobalSection(SolutionConfigurationPlatforms) = preSolution
		Debug|Any CPU = Debug|Any CPU
		Release|Any CPU = Release|Any CPU
	EndGlobalSection
	GlobalSection(ProjectConfigurationPlatforms) = postSolution
		{AC476A44-1215-4AFB-AF0A-6020C759C32F}.Debug|Any CPU.ActiveCfg = Debug|Any CPU
		{AC476A44-1215-4AFB-AF0A-6020C759C32F}.Debug|Any CPU.Build.0 = Debug|Any CPU
		{AC476A44-1215-4AFB-AF0A-6020C759C32F}.Release|Any CPU.ActiveCfg = Release|Any CPU
		{AC476A44-1215-4AFB-AF0A-6020C759C32F}.Release|Any CPU.Build.0 = Release|Any CPU
	EndGlobalSection
	GlobalSection(SolutionProperties) = preSolution
		HideSolutionNode = FALSE
	EndGlobalSection
	GlobalSection(ExtensibilityGlobals) = postSolution
		SolutionGuid = {9C2579C1-D554-4CE1-9CC7-31AD94F7BC9D}
	EndGlobalSection
EndGlobal
