
Microsoft Visual Studio Solution File, Format Version 12.00
# Visual Studio 15
VisualStudioVersion = 15.0.27004.2005
MinimumVisualStudioVersion = 10.0.40219.1
Project("{FAE04EC0-301F-11D3-BF4B-00C04F79EFBC}") = "Problem06", "Problem06\Problem06.csproj", "{A572454B-DAA0-478C-9957-41276181BB65}"
EndProject
Global
	GlobalSection(SolutionConfigurationPlatforms) = preSolution
		Debug|Any CPU = Debug|Any CPU
		Release|Any CPU = Release|Any CPU
	EndGlobalSection
	GlobalSection(ProjectConfigurationPlatforms) = postSolution
		{A572454B-DAA0-478C-9957-41276181BB65}.Debug|Any CPU.ActiveCfg = Debug|Any CPU
		{A572454B-DAA0-478C-9957-41276181BB65}.Debug|Any CPU.Build.0 = Debug|Any CPU
		{A572454B-DAA0-478C-9957-41276181BB65}.Release|Any CPU.ActiveCfg = Release|Any CPU
		{A572454B-DAA0-478C-9957-41276181BB65}.Release|Any CPU.Build.0 = Release|Any CPU
	EndGlobalSection
	GlobalSection(SolutionProperties) = preSolution
		HideSolutionNode = FALSE
	EndGlobalSection
	GlobalSection(ExtensibilityGlobals) = postSolution
		SolutionGuid = {426831AF-9110-47B7-A505-996C4526A146}
	EndGlobalSection
EndGlobal
