
Microsoft Visual Studio Solution File, Format Version 12.00
# Visual Studio 15
VisualStudioVersion = 15.0.27130.0
MinimumVisualStudioVersion = 10.0.40219.1
Project("{FAE04EC0-301F-11D3-BF4B-00C04F79EFBC}") = "Problem03", "Problem03\Problem03.csproj", "{61864F26-8C28-413E-AB71-D170BD15583D}"
EndProject
Global
	GlobalSection(SolutionConfigurationPlatforms) = preSolution
		Debug|Any CPU = Debug|Any CPU
		Release|Any CPU = Release|Any CPU
	EndGlobalSection
	GlobalSection(ProjectConfigurationPlatforms) = postSolution
		{61864F26-8C28-413E-AB71-D170BD15583D}.Debug|Any CPU.ActiveCfg = Debug|Any CPU
		{61864F26-8C28-413E-AB71-D170BD15583D}.Debug|Any CPU.Build.0 = Debug|Any CPU
		{61864F26-8C28-413E-AB71-D170BD15583D}.Release|Any CPU.ActiveCfg = Release|Any CPU
		{61864F26-8C28-413E-AB71-D170BD15583D}.Release|Any CPU.Build.0 = Release|Any CPU
	EndGlobalSection
	GlobalSection(SolutionProperties) = preSolution
		HideSolutionNode = FALSE
	EndGlobalSection
	GlobalSection(ExtensibilityGlobals) = postSolution
		SolutionGuid = {654216FF-79C2-4BC3-A01C-0955605058C0}
	EndGlobalSection
EndGlobal
