
Microsoft Visual Studio Solution File, Format Version 12.00
# Visual Studio 15
VisualStudioVersion = 15.0.27130.0
MinimumVisualStudioVersion = 10.0.40219.1
Project("{FAE04EC0-301F-11D3-BF4B-00C04F79EFBC}") = "Problem07", "Problem07\Problem07.csproj", "{A58C8847-C16B-4281-82C0-FD1284C533CE}"
EndProject
Global
	GlobalSection(SolutionConfigurationPlatforms) = preSolution
		Debug|Any CPU = Debug|Any CPU
		Release|Any CPU = Release|Any CPU
	EndGlobalSection
	GlobalSection(ProjectConfigurationPlatforms) = postSolution
		{A58C8847-C16B-4281-82C0-FD1284C533CE}.Debug|Any CPU.ActiveCfg = Debug|Any CPU
		{A58C8847-C16B-4281-82C0-FD1284C533CE}.Debug|Any CPU.Build.0 = Debug|Any CPU
		{A58C8847-C16B-4281-82C0-FD1284C533CE}.Release|Any CPU.ActiveCfg = Release|Any CPU
		{A58C8847-C16B-4281-82C0-FD1284C533CE}.Release|Any CPU.Build.0 = Release|Any CPU
	EndGlobalSection
	GlobalSection(SolutionProperties) = preSolution
		HideSolutionNode = FALSE
	EndGlobalSection
	GlobalSection(ExtensibilityGlobals) = postSolution
		SolutionGuid = {F06A01CA-19F3-41C7-B784-4682BB675E6B}
	EndGlobalSection
EndGlobal
