
Microsoft Visual Studio Solution File, Format Version 12.00
# Visual Studio 15
VisualStudioVersion = 15.0.27004.2005
MinimumVisualStudioVersion = 10.0.40219.1
Project("{FAE04EC0-301F-11D3-BF4B-00C04F79EFBC}") = "Problem10", "Problem10\Problem10.csproj", "{167EC1BB-B314-4ACA-A398-7E3D5EF57819}"
EndProject
Global
	GlobalSection(SolutionConfigurationPlatforms) = preSolution
		Debug|Any CPU = Debug|Any CPU
		Release|Any CPU = Release|Any CPU
	EndGlobalSection
	GlobalSection(ProjectConfigurationPlatforms) = postSolution
		{167EC1BB-B314-4ACA-A398-7E3D5EF57819}.Debug|Any CPU.ActiveCfg = Debug|Any CPU
		{167EC1BB-B314-4ACA-A398-7E3D5EF57819}.Debug|Any CPU.Build.0 = Debug|Any CPU
		{167EC1BB-B314-4ACA-A398-7E3D5EF57819}.Release|Any CPU.ActiveCfg = Release|Any CPU
		{167EC1BB-B314-4ACA-A398-7E3D5EF57819}.Release|Any CPU.Build.0 = Release|Any CPU
	EndGlobalSection
	GlobalSection(SolutionProperties) = preSolution
		HideSolutionNode = FALSE
	EndGlobalSection
	GlobalSection(ExtensibilityGlobals) = postSolution
		SolutionGuid = {E20C04A3-5B07-45F7-BD9D-2DAE8BF80575}
	EndGlobalSection
EndGlobal
