
Microsoft Visual Studio Solution File, Format Version 12.00
# Visual Studio 15
VisualStudioVersion = 15.0.27130.0
MinimumVisualStudioVersion = 10.0.40219.1
Project("{FAE04EC0-301F-11D3-BF4B-00C04F79EFBC}") = "Problem11", "Problem11\Problem11.csproj", "{D67E7B52-4851-4059-8375-64341F48CD5B}"
EndProject
Global
	GlobalSection(SolutionConfigurationPlatforms) = preSolution
		Debug|Any CPU = Debug|Any CPU
		Release|Any CPU = Release|Any CPU
	EndGlobalSection
	GlobalSection(ProjectConfigurationPlatforms) = postSolution
		{D67E7B52-4851-4059-8375-64341F48CD5B}.Debug|Any CPU.ActiveCfg = Debug|Any CPU
		{D67E7B52-4851-4059-8375-64341F48CD5B}.Debug|Any CPU.Build.0 = Debug|Any CPU
		{D67E7B52-4851-4059-8375-64341F48CD5B}.Release|Any CPU.ActiveCfg = Release|Any CPU
		{D67E7B52-4851-4059-8375-64341F48CD5B}.Release|Any CPU.Build.0 = Release|Any CPU
	EndGlobalSection
	GlobalSection(SolutionProperties) = preSolution
		HideSolutionNode = FALSE
	EndGlobalSection
	GlobalSection(ExtensibilityGlobals) = postSolution
		SolutionGuid = {B467B43C-4371-4782-B2FA-EFFB49C93932}
	EndGlobalSection
EndGlobal
