
Microsoft Visual Studio Solution File, Format Version 12.00
# Visual Studio 15
VisualStudioVersion = 15.0.27130.0
MinimumVisualStudioVersion = 10.0.40219.1
Project("{FAE04EC0-301F-11D3-BF4B-00C04F79EFBC}") = "Problem01 (.NET Framework)", "Problem01 (.NET Framework)\Problem01 (.NET Framework).csproj", "{FFAA6D5B-DCFD-4CF4-92E4-740F70ABEF44}"
EndProject
Global
	GlobalSection(SolutionConfigurationPlatforms) = preSolution
		Debug|Any CPU = Debug|Any CPU
		Release|Any CPU = Release|Any CPU
	EndGlobalSection
	GlobalSection(ProjectConfigurationPlatforms) = postSolution
		{FFAA6D5B-DCFD-4CF4-92E4-740F70ABEF44}.Debug|Any CPU.ActiveCfg = Debug|Any CPU
		{FFAA6D5B-DCFD-4CF4-92E4-740F70ABEF44}.Debug|Any CPU.Build.0 = Debug|Any CPU
		{FFAA6D5B-DCFD-4CF4-92E4-740F70ABEF44}.Release|Any CPU.ActiveCfg = Release|Any CPU
		{FFAA6D5B-DCFD-4CF4-92E4-740F70ABEF44}.Release|Any CPU.Build.0 = Release|Any CPU
	EndGlobalSection
	GlobalSection(SolutionProperties) = preSolution
		HideSolutionNode = FALSE
	EndGlobalSection
	GlobalSection(ExtensibilityGlobals) = postSolution
		SolutionGuid = {2BC36FD0-744F-45B4-B78C-A72F7DFA1AA2}
	EndGlobalSection
EndGlobal
