
Microsoft Visual Studio Solution File, Format Version 12.00
# Visual Studio 15
VisualStudioVersion = 15.0.27004.2005
MinimumVisualStudioVersion = 10.0.40219.1
Project("{FAE04EC0-301F-11D3-BF4B-00C04F79EFBC}") = "Problem03", "Problem03\Problem03.csproj", "{B36F60CA-173F-4959-96F5-4F72B07AE575}"
EndProject
Global
	GlobalSection(SolutionConfigurationPlatforms) = preSolution
		Debug|Any CPU = Debug|Any CPU
		Release|Any CPU = Release|Any CPU
	EndGlobalSection
	GlobalSection(ProjectConfigurationPlatforms) = postSolution
		{B36F60CA-173F-4959-96F5-4F72B07AE575}.Debug|Any CPU.ActiveCfg = Debug|Any CPU
		{B36F60CA-173F-4959-96F5-4F72B07AE575}.Debug|Any CPU.Build.0 = Debug|Any CPU
		{B36F60CA-173F-4959-96F5-4F72B07AE575}.Release|Any CPU.ActiveCfg = Release|Any CPU
		{B36F60CA-173F-4959-96F5-4F72B07AE575}.Release|Any CPU.Build.0 = Release|Any CPU
	EndGlobalSection
	GlobalSection(SolutionProperties) = preSolution
		HideSolutionNode = FALSE
	EndGlobalSection
	GlobalSection(ExtensibilityGlobals) = postSolution
		SolutionGuid = {A0401D5B-D899-4DF5-B291-756558DE9916}
	EndGlobalSection
EndGlobal
